
Microsoft Visual Studio Solution File, Format Version 12.00
# Visual Studio Version 17
VisualStudioVersion = 17.14.36429.23 d17.14
MinimumVisualStudioVersion = 10.0.40219.1
Project("{FAE04EC0-301F-11D3-BF4B-00C04F79EFBC}") = "Homework4", "Homework4\Homework4.csproj", "{7A57699C-B16D-4159-A880-EDF3325A8F4C}"
EndProject
Global
	GlobalSection(SolutionConfigurationPlatforms) = preSolution
		Debug|Any CPU = Debug|Any CPU
		Release|Any CPU = Release|Any CPU
	EndGlobalSection
	GlobalSection(ProjectConfigurationPlatforms) = postSolution
		{7A57699C-B16D-4159-A880-EDF3325A8F4C}.Debug|Any CPU.ActiveCfg = Debug|Any CPU
		{7A57699C-B16D-4159-A880-EDF3325A8F4C}.Debug|Any CPU.Build.0 = Debug|Any CPU
		{7A57699C-B16D-4159-A880-EDF3325A8F4C}.Release|Any CPU.ActiveCfg = Release|Any CPU
		{7A57699C-B16D-4159-A880-EDF3325A8F4C}.Release|Any CPU.Build.0 = Release|Any CPU
	EndGlobalSection
	GlobalSection(SolutionProperties) = preSolution
		HideSolutionNode = FALSE
	EndGlobalSection
	GlobalSection(ExtensibilityGlobals) = postSolution
		SolutionGuid = {852B597C-10C2-4250-9270-2DEA940CD953}
	EndGlobalSection
EndGlobal
